
Microsoft Visual Studio Solution File, Format Version 12.00
# Visual Studio 15
VisualStudioVersion = 15.0.28307.572
MinimumVisualStudioVersion = 10.0.40219.1
Project("{FAE04EC0-301F-11D3-BF4B-00C04F79EFBC}") = "DataMicroservice", "DataMicroservice\DataMicroservice.csproj", "{C22C279F-E959-44E7-B9CC-FEF5D972DE12}"
EndProject
Global
	GlobalSection(SolutionConfigurationPlatforms) = preSolution
		Debug|Any CPU = Debug|Any CPU
		Release|Any CPU = Release|Any CPU
	EndGlobalSection
	GlobalSection(ProjectConfigurationPlatforms) = postSolution
		{C22C279F-E959-44E7-B9CC-FEF5D972DE12}.Debug|Any CPU.ActiveCfg = Debug|Any CPU
		{C22C279F-E959-44E7-B9CC-FEF5D972DE12}.Debug|Any CPU.Build.0 = Debug|Any CPU
		{C22C279F-E959-44E7-B9CC-FEF5D972DE12}.Release|Any CPU.ActiveCfg = Release|Any CPU
		{C22C279F-E959-44E7-B9CC-FEF5D972DE12}.Release|Any CPU.Build.0 = Release|Any CPU
	EndGlobalSection
	GlobalSection(SolutionProperties) = preSolution
		HideSolutionNode = FALSE
	EndGlobalSection
	GlobalSection(ExtensibilityGlobals) = postSolution
		SolutionGuid = {6A4AB9F8-1AA6-433B-BE5C-18A54088A76E}
	EndGlobalSection
EndGlobal
